// !$*UTF8*$!
{
	archiveVersion = 1;
	classes = {
	};
	objectVersion = 46;
	objects = {

/* Begin PBXBuildFile section */
		43F9985C1E4546B9002AB4FD /* AppDelegate.swift in Sources */ = {isa = PBXBuildFile; fileRef = 43F9985B1E4546B9002AB4FD /* AppDelegate.swift */; };
		43F9985E1E4546B9002AB4FD /* ViewController.swift in Sources */ = {isa = PBXBuildFile; fileRef = 43F9985D1E4546B9002AB4FD /* ViewController.swift */; };
		43F998611E4546B9002AB4FD /* Main.storyboard in Resources */ = {isa = PBXBuildFile; fileRef = 43F9985F1E4546B9002AB4FD /* Main.storyboard */; };
		43F998641E4546B9002AB4FD /* Aula_015_TextFieldAcessory.xcdatamodeld in Sources */ = {isa = PBXBuildFile; fileRef = 43F998621E4546B9002AB4FD /* Aula_015_TextFieldAcessory.xcdatamodeld */; };
		43F998661E4546B9002AB4FD /* Assets.xcassets in Resources */ = {isa = PBXBuildFile; fileRef = 43F998651E4546B9002AB4FD /* Assets.xcassets */; };
		43F998691E4546B9002AB4FD /* LaunchScreen.storyboard in Resources */ = {isa = PBXBuildFile; fileRef = 43F998671E4546B9002AB4FD /* LaunchScreen.storyboard */; };
/* End PBXBuildFile section */

/* Begin PBXFileReference section */
		43F998581E4546B9002AB4FD /* Aula_015_TextFieldAcessory.app */ = {isa = PBXFileReference; explicitFileType = wrapper.application; includeInIndex = 0; path = Aula_015_TextFieldAcessory.app; sourceTree = BUILT_PRODUCTS_DIR; };
		43F9985B1E4546B9002AB4FD /* AppDelegate.swift */ = {isa = PBXFileReference; lastKnownFileType = sourcecode.swift; path = AppDelegate.swift; sourceTree = "<group>"; };
		43F9985D1E4546B9002AB4FD /* ViewController.swift */ = {isa = PBXFileReference; lastKnownFileType = sourcecode.swift; path = ViewController.swift; sourceTree = "<group>"; };
		43F998601E4546B9002AB4FD /* Base */ = {isa = PBXFileReference; lastKnownFileType = file.storyboard; name = Base; path = Base.lproj/Main.storyboard; sourceTree = "<group>"; };
		43F998631E4546B9002AB4FD /* Aula_015_TextFieldAcessory.xcdatamodel */ = {isa = PBXFileReference; lastKnownFileType = wrapper.xcdatamodel; path = Aula_015_TextFieldAcessory.xcdatamodel; sourceTree = "<group>"; };
		43F998651E4546B9002AB4FD /* Assets.xcassets */ = {isa = PBXFileReference; lastKnownFileType = folder.assetcatalog; path = Assets.xcassets; sourceTree = "<group>"; };
		43F998681E4546B9002AB4FD /* Base */ = {isa = PBXFileReference; lastKnownFileType = file.storyboard; name = Base; path = Base.lproj/LaunchScreen.storyboard; sourceTree = "<group>"; };
		43F9986A1E4546B9002AB4FD /* Info.plist */ = {isa = PBXFileReference; lastKnownFileType = text.plist.xml; path = Info.plist; sourceTree = "<group>"; };
/* End PBXFileReference section */

/* Begin PBXFrameworksBuildPhase section */
		43F998551E4546B9002AB4FD /* Frameworks */ = {
			isa = PBXFrameworksBuildPhase;
			buildActionMask = 2147483647;
			files = (
			);
			runOnlyForDeploymentPostprocessing = 0;
		};
/* End PBXFrameworksBuildPhase section */

/* Begin PBXGroup section */
		43F9984F1E4546B9002AB4FD = {
			isa = PBXGroup;
			children = (
				43F9985A1E4546B9002AB4FD /* Aula_015_TextFieldAcessory */,
				43F998591E4546B9002AB4FD /* Products */,
			);
			sourceTree = "<group>";
		};
		43F998591E4546B9002AB4FD /* Products */ = {
			isa = PBXGroup;
			children = (
				43F998581E4546B9002AB4FD /* Aula_015_TextFieldAcessory.app */,
			);
			name = Products;
			sourceTree = "<group>";
		};
		43F9985A1E4546B9002AB4FD /* Aula_015_TextFieldAcessory */ = {
			isa = PBXGroup;
			children = (
				43F9985B1E4546B9002AB4FD /* AppDelegate.swift */,
				43F9985D1E4546B9002AB4FD /* ViewController.swift */,
				43F9985F1E4546B9002AB4FD /* Main.storyboard */,
				43F998651E4546B9002AB4FD /* Assets.xcassets */,
				43F998671E4546B9002AB4FD /* LaunchScreen.storyboard */,
				43F9986A1E4546B9002AB4FD /* Info.plist */,
				43F998621E4546B9002AB4FD /* Aula_015_TextFieldAcessory.xcdatamodeld */,
			);
			path = Aula_015_TextFieldAcessory;
			sourceTree = "<group>";
		};
/* End PBXGroup section */

/* Begin PBXNativeTarget section */
		43F998571E4546B9002AB4FD /* Aula_015_TextFieldAcessory */ = {
			isa = PBXNativeTarget;
			buildConfigurationList = 43F9986D1E4546B9002AB4FD /* Build configuration list for PBXNativeTarget "Aula_015_TextFieldAcessory" */;
			buildPhases = (
				43F998541E4546B9002AB4FD /* Sources */,
				43F998551E4546B9002AB4FD /* Frameworks */,
				43F998561E4546B9002AB4FD /* Resources */,
			);
			buildRules = (
			);
			dependencies = (
			);
			name = Aula_015_TextFieldAcessory;
			productName = Aula_015_TextFieldAcessory;
			productReference = 43F998581E4546B9002AB4FD /* Aula_015_TextFieldAcessory.app */;
			productType = "com.apple.product-type.application";
		};
/* End PBXNativeTarget section */

/* Begin PBXProject section */
		43F998501E4546B9002AB4FD /* Project object */ = {
			isa = PBXProject;
			attributes = {
				LastSwiftUpdateCheck = 0800;
				LastUpgradeCheck = 0800;
				ORGANIZATIONNAME = Swift;
				TargetAttributes = {
					43F998571E4546B9002AB4FD = {
						CreatedOnToolsVersion = 8.0;
						ProvisioningStyle = Automatic;
					};
				};
			};
			buildConfigurationList = 43F998531E4546B9002AB4FD /* Build configuration list for PBXProject "Aula_015_TextFieldAcessory" */;
			compatibilityVersion = "Xcode 3.2";
			developmentRegion = English;
			hasScannedForEncodings = 0;
			knownRegions = (
				en,
				Base,
			);
			mainGroup = 43F9984F1E4546B9002AB4FD;
			productRefGroup = 43F998591E4546B9002AB4FD /* Products */;
			projectDirPath = "";
			projectRoot = "";
			targets = (
				43F998571E4546B9002AB4FD /* Aula_015_TextFieldAcessory */,
			);
		};
/* End PBXProject section */

/* Begin PBXResourcesBuildPhase section */
		43F998561E4546B9002AB4FD /* Resources */ = {
			isa = PBXResourcesBuildPhase;
			buildActionMask = 2147483647;
			files = (
				43F998691E4546B9002AB4FD /* LaunchScreen.storyboard in Resources */,
				43F998661E4546B9002AB4FD /* Assets.xcassets in Resources */,
				43F998611E4546B9002AB4FD /* Main.storyboard in Resources */,
			);
			runOnlyForDeploymentPostprocessing = 0;
		};
/* End PBXResourcesBuildPhase section */

/* Begin PBXSourcesBuildPhase section */
		43F998541E4546B9002AB4FD /* Sources */ = {
			isa = PBXSourcesBuildPhase;
			buildActionMask = 2147483647;
			files = (
				43F9985E1E4546B9002AB4FD /* ViewController.swift in Sources */,
				43F9985C1E4546B9002AB4FD /* AppDelegate.swift in Sources */,
				43F998641E4546B9002AB4FD /* Aula_015_TextFieldAcessory.xcdatamodeld in Sources */,
			);
			runOnlyForDeploymentPostprocessing = 0;
		};
/* End PBXSourcesBuildPhase section */

/* Begin PBXVariantGroup section */
		43F9985F1E4546B9002AB4FD /* Main.storyboard */ = {
			isa = PBXVariantGroup;
			children = (
				43F998601E4546B9002AB4FD /* Base */,
			);
			name = Main.storyboard;
			sourceTree = "<group>";
		};
		43F998671E4546B9002AB4FD /* LaunchScreen.storyboard */ = {
			isa = PBXVariantGroup;
			children = (
				43F998681E4546B9002AB4FD /* Base */,
			);
			name = LaunchScreen.storyboard;
			sourceTree = "<group>";
		};
/* End PBXVariantGroup section */

/* Begin XCBuildConfiguration section */
		43F9986B1E4546B9002AB4FD /* Debug */ = {
			isa = XCBuildConfiguration;
			buildSettings = {
				ALWAYS_SEARCH_USER_PATHS = NO;
				CLANG_ANALYZER_NONNULL = YES;
				CLANG_CXX_LANGUAGE_STANDARD = "gnu++0x";
				CLANG_CXX_LIBRARY = "libc++";
				CLANG_ENABLE_MODULES = YES;
				CLANG_ENABLE_OBJC_ARC = YES;
				CLANG_WARN_BOOL_CONVERSION = YES;
				CLANG_WARN_CONSTANT_CONVERSION = YES;
				CLANG_WARN_DIRECT_OBJC_ISA_USAGE = YES_ERROR;
				CLANG_WARN_DOCUMENTATION_COMMENTS = YES;
				CLANG_WARN_EMPTY_BODY = YES;
				CLANG_WARN_ENUM_CONVERSION = YES;
				CLANG_WARN_INFINITE_RECURSION = YES;
				CLANG_WARN_INT_CONVERSION = YES;
				CLANG_WARN_OBJC_ROOT_CLASS = YES_ERROR;
				CLANG_WARN_SUSPICIOUS_MOVES = YES;
				CLANG_WARN_UNREACHABLE_CODE = YES;
				CLANG_WARN__DUPLICATE_METHOD_MATCH = YES;
				"CODE_SIGN_IDENTITY[sdk=iphoneos*]" = "iPhone Developer";
				COPY_PHASE_STRIP = NO;
				DEBUG_INFORMATION_FORMAT = dwarf;
				ENABLE_STRICT_OBJC_MSGSEND = YES;
				ENABLE_TESTABILITY = YES;
				GCC_C_LANGUAGE_STANDARD = gnu99;
				GCC_DYNAMIC_NO_PIC = NO;
				GCC_NO_COMMON_BLOCKS = YES;
				GCC_OPTIMIZATION_LEVEL = 0;
				GCC_PREPROCESSOR_DEFINITIONS = (
					"DEBUG=1",
					"$(inherited)",
				);
				GCC_WARN_64_TO_32_BIT_CONVERSION = YES;
				GCC_WARN_ABOUT_RETURN_TYPE = YES_ERROR;
				GCC_WARN_UNDECLARED_SELECTOR = YES;
				GCC_WARN_UNINITIALIZED_AUTOS = YES_AGGRESSIVE;
				GCC_WARN_UNUSED_FUNCTION = YES;
				GCC_WARN_UNUSED_VARIABLE = YES;
				IPHONEOS_DEPLOYMENT_TARGET = 10.0;
				MTL_ENABLE_DEBUG_INFO = YES;
				ONLY_ACTIVE_ARCH = YES;
				SDKROOT = iphoneos;
				SWIFT_ACTIVE_COMPILATION_CONDITIONS = DEBUG;
				SWIFT_OPTIMIZATION_LEVEL = "-Onone";
				TARGETED_DEVICE_FAMILY = "1,2";
			};
			name = Debug;
		};
		43F9986C1E4546B9002AB4FD /* Release */ = {
			isa = XCBuildConfiguration;
			buildSettings = {
				ALWAYS_SEARCH_USER_PATHS = NO;
				CLANG_ANALYZER_NONNULL = YES;
				CLANG_CXX_LANGUAGE_STANDARD = "gnu++0x";
				CLANG_CXX_LIBRARY = "libc++";
				CLANG_ENABLE_MODULES = YES;
				CLANG_ENABLE_OBJC_ARC = YES;
				CLANG_WARN_BOOL_CONVERSION = YES;
				CLANG_WARN_CONSTANT_CONVERSION = YES;
				CLANG_WARN_DIRECT_OBJC_ISA_USAGE = YES_ERROR;
				CLANG_WARN_DOCUMENTATION_COMMENTS = YES;
				CLANG_WARN_EMPTY_BODY = YES;
				CLANG_WARN_ENUM_CONVERSION = YES;
				CLANG_WARN_INFINITE_RECURSION = YES;
				CLANG_WARN_INT_CONVERSION = YES;
				CLANG_WARN_OBJC_ROOT_CLASS = YES_ERROR;
				CLANG_WARN_SUSPICIOUS_MOVES = YES;
				CLANG_WARN_UNREACHABLE_CODE = YES;
				CLANG_WARN__DUPLICATE_METHOD_MATCH = YES;
				"CODE_SIGN_IDENTITY[sdk=iphoneos*]" = "iPhone Developer";
				COPY_PHASE_STRIP = NO;
				DEBUG_INFORMATION_FORMAT = "dwarf-with-dsym";
				ENABLE_NS_ASSERTIONS = NO;
				ENABLE_STRICT_OBJC_MSGSEND = YES;
				GCC_C_LANGUAGE_STANDARD = gnu99;
				GCC_NO_COMMON_BLOCKS = YES;
				GCC_WARN_64_TO_32_BIT_CONVERSION = YES;
				GCC_WARN_ABOUT_RETURN_TYPE = YES_ERROR;
				GCC_WARN_UNDECLARED_SELECTOR = YES;
				GCC_WARN_UNINITIALIZED_AUTOS = YES_AGGRESSIVE;
				GCC_WARN_UNUSED_FUNCTION = YES;
				GCC_WARN_UNUSED_VARIABLE = YES;
				IPHONEOS_DEPLOYMENT_TARGET = 10.0;
				MTL_ENABLE_DEBUG_INFO = NO;
				SDKROOT = iphoneos;
				SWIFT_OPTIMIZATION_LEVEL = "-Owholemodule";
				TARGETED_DEVICE_FAMILY = "1,2";
				VALIDATE_PRODUCT = YES;
			};
			name = Release;
		};
		43F9986E1E4546B9002AB4FD /* Debug */ = {
			isa = XCBuildConfiguration;
			buildSettings = {
				ASSETCATALOG_COMPILER_APPICON_NAME = AppIcon;
				INFOPLIST_FILE = Aula_015_TextFieldAcessory/Info.plist;
				LD_RUNPATH_SEARCH_PATHS = "$(inherited) @executable_path/Frameworks";
				PRODUCT_BUNDLE_IDENTIFIER = "br.quaddro.com.Aula-015-TextFieldAcessory";
				PRODUCT_NAME = "$(TARGET_NAME)";
				SWIFT_VERSION = 3.0;
			};
			name = Debug;
		};
		43F9986F1E4546B9002AB4FD /* Release */ = {
			isa = XCBuildConfiguration;
			buildSettings = {
				ASSETCATALOG_COMPILER_APPICON_NAME = AppIcon;
				INFOPLIST_FILE = Aula_015_TextFieldAcessory/Info.plist;
				LD_RUNPATH_SEARCH_PATHS = "$(inherited) @executable_path/Frameworks";
				PRODUCT_BUNDLE_IDENTIFIER = "br.quaddro.com.Aula-015-TextFieldAcessory";
				PRODUCT_NAME = "$(TARGET_NAME)";
				SWIFT_VERSION = 3.0;
			};
			name = Release;
		};
/* End XCBuildConfiguration section */

/* Begin XCConfigurationList section */
		43F998531E4546B9002AB4FD /* Build configuration list for PBXProject "Aula_015_TextFieldAcessory" */ = {
			isa = XCConfigurationList;
			buildConfigurations = (
				43F9986B1E4546B9002AB4FD /* Debug */,
				43F9986C1E4546B9002AB4FD /* Release */,
			);
			defaultConfigurationIsVisible = 0;
			defaultConfigurationName = Release;
		};
		43F9986D1E4546B9002AB4FD /* Build configuration list for PBXNativeTarget "Aula_015_TextFieldAcessory" */ = {
			isa = XCConfigurationList;
			buildConfigurations = (
				43F9986E1E4546B9002AB4FD /* Debug */,
				43F9986F1E4546B9002AB4FD /* Release */,
			);
			defaultConfigurationIsVisible = 0;
		};
/* End XCConfigurationList section */

/* Begin XCVersionGroup section */
		43F998621E4546B9002AB4FD /* Aula_015_TextFieldAcessory.xcdatamodeld */ = {
			isa = XCVersionGroup;
			children = (
				43F998631E4546B9002AB4FD /* Aula_015_TextFieldAcessory.xcdatamodel */,
			);
			currentVersion = 43F998631E4546B9002AB4FD /* Aula_015_TextFieldAcessory.xcdatamodel */;
			path = Aula_015_TextFieldAcessory.xcdatamodeld;
			sourceTree = "<group>";
			versionGroupType = wrapper.xcdatamodel;
		};
/* End XCVersionGroup section */
	};
	rootObject = 43F998501E4546B9002AB4FD /* Project object */;
}
